
Microsoft Visual Studio Solution File, Format Version 12.00
# Visual Studio Version 17
VisualStudioVersion = 17.6.33712.159
MinimumVisualStudioVersion = 10.0.40219.1
Project("{FAE04EC0-301F-11D3-BF4B-00C04F79EFBC}") = "Web_App", "Web_App\Web_App.csproj", "{64C44BF9-B43F-4DB0-875A-71B6764E157D}"
EndProject
Global
	GlobalSection(SolutionConfigurationPlatforms) = preSolution
		Debug|Any CPU = Debug|Any CPU
		Release|Any CPU = Release|Any CPU
	EndGlobalSection
	GlobalSection(ProjectConfigurationPlatforms) = postSolution
		{64C44BF9-B43F-4DB0-875A-71B6764E157D}.Debug|Any CPU.ActiveCfg = Debug|Any CPU
		{64C44BF9-B43F-4DB0-875A-71B6764E157D}.Debug|Any CPU.Build.0 = Debug|Any CPU
		{64C44BF9-B43F-4DB0-875A-71B6764E157D}.Release|Any CPU.ActiveCfg = Release|Any CPU
		{64C44BF9-B43F-4DB0-875A-71B6764E157D}.Release|Any CPU.Build.0 = Release|Any CPU
	EndGlobalSection
	GlobalSection(SolutionProperties) = preSolution
		HideSolutionNode = FALSE
	EndGlobalSection
	GlobalSection(ExtensibilityGlobals) = postSolution
		SolutionGuid = {41B5A443-FA75-426F-BC0A-D166E3AF58CD}
	EndGlobalSection
EndGlobal
